{
  "name": "homebot-graphql",
  "version": "1.0.0",
  "lockfileVersion": 1,
  "requires": true,
  "dependencies": {
    "@homebot/core": {
      "version": "file:../core/dist",
      "dev": true
    },
    "@types/graphql": {
      "version": "0.12.4",
      "resolved": "https://registry.npmjs.org/@types/graphql/-/graphql-0.12.4.tgz",
      "integrity": "sha512-zICCZ+LEeqAx/mJ2gmMChlIHiUHhsMfy050DXQ5tSR8+GS4Os0Q0vjK9KT3HVV6bXrV60t02e/3dOmnHUcibYw==",
      "dev": true
    },
    "@types/node": {
      "version": "9.4.6",
      "resolved": "https://registry.npmjs.org/@types/node/-/node-9.4.6.tgz",
      "integrity": "sha512-CTUtLb6WqCCgp6P59QintjHWqzf4VL1uPA27bipLAPxFqrtK1gEYllePzTICGqQ8rYsCbpnsNypXjjDzGAAjEQ==",
      "dev": true
    },
    "apollo-cache-control": {
      "version": "0.0.9",
      "resolved": "https://registry.npmjs.org/apollo-cache-control/-/apollo-cache-control-0.0.9.tgz",
      "integrity": "sha512-bspKyM9gBDxv2nnKPSErzzZiSOdvRXnHwS/3gwBucZG1Dz5U4H6xyPtCx754/YfRto1yT9bUMc7vW85jJ/acOA==",
      "dev": true,
      "requires": {
        "graphql-extensions": "0.0.8"
      }
    },
    "apollo-link": {
      "version": "1.2.1",
      "resolved": "https://registry.npmjs.org/apollo-link/-/apollo-link-1.2.1.tgz",
      "integrity": "sha512-6Ghf+j3cQLCIvjXd2dJrLw+16HZbWbwmB1qlTc41BviB2hv+rK1nJr17Y9dWK0UD4p3i9Hfddx3tthpMKrueHg==",
      "dev": true,
      "requires": {
        "@types/node": "9.4.6",
        "apollo-utilities": "1.0.8",
        "zen-observable-ts": "0.8.8"
      }
    },
    "apollo-server-core": {
      "version": "1.3.2",
      "resolved": "https://registry.npmjs.org/apollo-server-core/-/apollo-server-core-1.3.2.tgz",
      "integrity": "sha1-82hVo+vcLXe4ucRUOAvx1wYQX/w=",
      "dev": true,
      "requires": {
        "apollo-cache-control": "0.0.9",
        "apollo-tracing": "0.1.3",
        "graphql-extensions": "0.0.8"
      }
    },
    "apollo-server-module-graphiql": {
      "version": "1.3.2",
      "resolved": "https://registry.npmjs.org/apollo-server-module-graphiql/-/apollo-server-module-graphiql-1.3.2.tgz",
      "integrity": "sha1-Cp5MSN7OOvkE/uMz+V97mBczXKc=",
      "dev": true
    },
    "apollo-server-restify": {
      "version": "1.3.2",
      "resolved": "https://registry.npmjs.org/apollo-server-restify/-/apollo-server-restify-1.3.2.tgz",
      "integrity": "sha1-h1axaeWxOxhKx4jt8qlG0Pd0JcU=",
      "dev": true,
      "requires": {
        "apollo-server-core": "1.3.2",
        "apollo-server-module-graphiql": "1.3.2"
      }
    },
    "apollo-tracing": {
      "version": "0.1.3",
      "resolved": "https://registry.npmjs.org/apollo-tracing/-/apollo-tracing-0.1.3.tgz",
      "integrity": "sha512-LZhSDL4oe9iNkedzJk6tQ6zLXmw/lwCvB0HDZyJjdp8rqrW+RN0Fk6MmZtNq9Z0olwOUh8EN3vIpzLwR3CJTrw==",
      "dev": true,
      "requires": {
        "graphql-extensions": "0.0.8"
      }
    },
    "apollo-utilities": {
      "version": "1.0.8",
      "resolved": "https://registry.npmjs.org/apollo-utilities/-/apollo-utilities-1.0.8.tgz",
      "integrity": "sha512-EvqRJCw5xy2gWeH37toUimbEkmUxronCosBNE4tOCJvZUMLLGB8CuTQ5RsBhKJm+rZ6kwGxV+2uszk14f/P/rA==",
      "dev": true
    },
    "core-js": {
      "version": "2.5.3",
      "resolved": "https://registry.npmjs.org/core-js/-/core-js-2.5.3.tgz",
      "integrity": "sha1-isw4NFgk8W2DZbfJtCWRaOjtYD4=",
      "dev": true
    },
    "deprecated-decorator": {
      "version": "0.1.6",
      "resolved": "https://registry.npmjs.org/deprecated-decorator/-/deprecated-decorator-0.1.6.tgz",
      "integrity": "sha1-AJZjF7ehL+kvPMgx91g68ym4bDc=",
      "dev": true
    },
    "graphql": {
      "version": "0.13.1",
      "resolved": "https://registry.npmjs.org/graphql/-/graphql-0.13.1.tgz",
      "integrity": "sha512-awNp3LTrQ7dJDSX3p3PBuxNDC+WFSOrWeV6+l4Xeh2PQJVOFyQ9SZPonXRz2WZc7aIxLZsf2nDZuuuc0qyEq/A==",
      "dev": true,
      "requires": {
        "iterall": "1.2.1"
      }
    },
    "graphql-extensions": {
      "version": "0.0.8",
      "resolved": "https://registry.npmjs.org/graphql-extensions/-/graphql-extensions-0.0.8.tgz",
      "integrity": "sha512-9Ew7qfzkcsV2zrW4OJrdEcFKWAM3hsEhnp4Hbx9RGJ/uZvzDzR1uNUI5wQtjmWfMOj/QvVbwSeNA48PxYAGiBw==",
      "dev": true,
      "requires": {
        "core-js": "2.5.3",
        "source-map-support": "0.5.3"
      }
    },
    "graphql-tools": {
      "version": "2.21.0",
      "resolved": "https://registry.npmjs.org/graphql-tools/-/graphql-tools-2.21.0.tgz",
      "integrity": "sha512-AmG4WGdpL1OHwnA20ouP7BVB3KnvUOvsc7+4ULWRzEunyRFUYqxrgnEf20iZnYAha8JCb7AP4WPMwWKmGT91rg==",
      "dev": true,
      "requires": {
        "apollo-link": "1.2.1",
        "apollo-utilities": "1.0.8",
        "deprecated-decorator": "0.1.6",
        "iterall": "1.2.1",
        "uuid": "3.2.1"
      }
    },
    "iterall": {
      "version": "1.2.1",
      "resolved": "https://registry.npmjs.org/iterall/-/iterall-1.2.1.tgz",
      "integrity": "sha512-XH2awY4PboL5tG5i2P7wZ2E6oet/JkmEUpUhjcroXxBUy7bPsUOXRDMAAZe+rnH2azSXboqvyDIp5n2f7GtlCQ==",
      "dev": true
    },
    "source-map": {
      "version": "0.6.1",
      "resolved": "https://registry.npmjs.org/source-map/-/source-map-0.6.1.tgz",
      "integrity": "sha512-UjgapumWlbMhkBgzT7Ykc5YXUT46F0iKu8SGXq0bcwP5dz/h0Plj6enJqjz1Zbq2l5WaqYnrVbwWOWMyF3F47g==",
      "dev": true
    },
    "source-map-support": {
      "version": "0.5.3",
      "resolved": "https://registry.npmjs.org/source-map-support/-/source-map-support-0.5.3.tgz",
      "integrity": "sha512-eKkTgWYeBOQqFGXRfKabMFdnWepo51vWqEdoeikaEPFiJC7MCU5j2h4+6Q8npkZTeLGbSyecZvRxiSoWl3rh+w==",
      "dev": true,
      "requires": {
        "source-map": "0.6.1"
      }
    },
    "typescript": {
      "version": "2.7.2",
      "resolved": "https://registry.npmjs.org/typescript/-/typescript-2.7.2.tgz",
      "integrity": "sha512-p5TCYZDAO0m4G344hD+wx/LATebLWZNkkh2asWUFqSsD2OrDNhbAHuSjobrmsUmdzjJjEeZVU9g1h3O6vpstnw==",
      "dev": true
    },
    "uuid": {
      "version": "3.2.1",
      "resolved": "https://registry.npmjs.org/uuid/-/uuid-3.2.1.tgz",
      "integrity": "sha512-jZnMwlb9Iku/O3smGWvZhauCf6cvvpKi4BKRiliS3cxnI+Gz9j5MEpTz2UFuXiKPJocb7gnsLHwiS05ige5BEA==",
      "dev": true
    },
    "zen-observable": {
      "version": "0.7.1",
      "resolved": "https://registry.npmjs.org/zen-observable/-/zen-observable-0.7.1.tgz",
      "integrity": "sha512-OI6VMSe0yeqaouIXtedC+F55Sr6r9ppS7+wTbSexkYdHbdt4ctTuPNXP/rwm7GTVI63YBc+EBT0b0tl7YnJLRg==",
      "dev": true
    },
    "zen-observable-ts": {
      "version": "0.8.8",
      "resolved": "https://registry.npmjs.org/zen-observable-ts/-/zen-observable-ts-0.8.8.tgz",
      "integrity": "sha512-oGjFvBbAA94uh/HvAwJDwMHtNq4lZRtupJx8XsyreOTYvH8x1ef9hIeH/M+IqiAXtNpglq/Klh5rbpYWEeRSOQ==",
      "dev": true,
      "requires": {
        "zen-observable": "0.7.1"
      }
    }
  }
}
