{
  "name": "@homebot/plugin-firetv",
  "version": "1.0.0",
  "lockfileVersion": 1,
  "requires": true,
  "dependencies": {
    "@types/node": {
      "version": "9.4.6",
      "resolved": "https://registry.npmjs.org/@types/node/-/node-9.4.6.tgz",
      "integrity": "sha512-CTUtLb6WqCCgp6P59QintjHWqzf4VL1uPA27bipLAPxFqrtK1gEYllePzTICGqQ8rYsCbpnsNypXjjDzGAAjEQ==",
      "dev": true
    },
    "adbkit": {
      "version": "2.11.0",
      "resolved": "https://registry.npmjs.org/adbkit/-/adbkit-2.11.0.tgz",
      "integrity": "sha512-j2vUhEeZmCiqBP+p77CpPWQTcT20rOmSmRHFUTZUwUpxzeCd3fXop4NAGYztSY9/FNU4bT/qqvYQ4EZKuCXhfA==",
      "dev": true,
      "requires": {
        "adbkit-logcat": "1.1.0",
        "adbkit-monkey": "1.0.1",
        "bluebird": "2.9.34",
        "commander": "2.14.1",
        "debug": "2.6.9",
        "node-forge": "0.7.2",
        "split": "0.3.3"
      }
    },
    "adbkit-logcat": {
      "version": "1.1.0",
      "resolved": "https://registry.npmjs.org/adbkit-logcat/-/adbkit-logcat-1.1.0.tgz",
      "integrity": "sha1-Adf5sM75CTowvLOwB+//MBUIli8=",
      "dev": true
    },
    "adbkit-monkey": {
      "version": "1.0.1",
      "resolved": "https://registry.npmjs.org/adbkit-monkey/-/adbkit-monkey-1.0.1.tgz",
      "integrity": "sha1-8pG+cBou/FZ6Y/x6pq/N7TFDC+E=",
      "dev": true,
      "requires": {
        "async": "0.2.10"
      }
    },
    "async": {
      "version": "0.2.10",
      "resolved": "https://registry.npmjs.org/async/-/async-0.2.10.tgz",
      "integrity": "sha1-trvgsGdLnXGXCMo43owjfLUmw9E=",
      "dev": true
    },
    "bluebird": {
      "version": "2.9.34",
      "resolved": "https://registry.npmjs.org/bluebird/-/bluebird-2.9.34.tgz",
      "integrity": "sha1-L3tOyAIWMoqf3evfacjUlC/v99g=",
      "dev": true
    },
    "commander": {
      "version": "2.14.1",
      "resolved": "https://registry.npmjs.org/commander/-/commander-2.14.1.tgz",
      "integrity": "sha512-+YR16o3rK53SmWHU3rEM3tPAh2rwb1yPcQX5irVn7mb0gXbwuCCrnkbV5+PBfETdfg1vui07nM6PCG1zndcjQw==",
      "dev": true
    },
    "debug": {
      "version": "2.6.9",
      "resolved": "https://registry.npmjs.org/debug/-/debug-2.6.9.tgz",
      "integrity": "sha512-bC7ElrdJaJnPbAP+1EotYvqZsb3ecl5wi6Bfi6BJTUcNowp6cvspg0jXznRTKDjm/E7AdgFBVeAPVMNcKGsHMA==",
      "dev": true,
      "requires": {
        "ms": "2.0.0"
      }
    },
    "ms": {
      "version": "2.0.0",
      "resolved": "https://registry.npmjs.org/ms/-/ms-2.0.0.tgz",
      "integrity": "sha1-VgiurfwAvmwpAd9fmGF4jeDVl8g=",
      "dev": true
    },
    "node-forge": {
      "version": "0.7.2",
      "resolved": "https://registry.npmjs.org/node-forge/-/node-forge-0.7.2.tgz",
      "integrity": "sha512-XTBoBY8NoeGAqQywTM8BjBz/Ro37eTmVF657yf6JumfOhxW9eET43Hve5+6L4+lo3hTDx7kTbC1WfasTHinDpg==",
      "dev": true
    },
    "split": {
      "version": "0.3.3",
      "resolved": "https://registry.npmjs.org/split/-/split-0.3.3.tgz",
      "integrity": "sha1-zQ7qXmOiEd//frDwkcQTPi0N0o8=",
      "dev": true,
      "requires": {
        "through": "2.3.8"
      }
    },
    "through": {
      "version": "2.3.8",
      "resolved": "https://registry.npmjs.org/through/-/through-2.3.8.tgz",
      "integrity": "sha1-DdTJ/6q8NXlgsbckEV1+Doai4fU=",
      "dev": true
    },
    "typescript": {
      "version": "2.7.2",
      "resolved": "https://registry.npmjs.org/typescript/-/typescript-2.7.2.tgz",
      "integrity": "sha512-p5TCYZDAO0m4G344hD+wx/LATebLWZNkkh2asWUFqSsD2OrDNhbAHuSjobrmsUmdzjJjEeZVU9g1h3O6vpstnw==",
      "dev": true
    }
  }
}
