{
  "name": "@homebot/platform-mpd",
  "version": "1.0.0",
  "lockfileVersion": 1,
  "requires": true,
  "dependencies": {
    "@homebot/core": {
      "version": "1.0.0",
      "resolved": "http://localhost:4873/@homebot%2fcore/-/core-1.0.0.tgz",
      "integrity": "sha512-OewNdPG1U9iZKZTN3FyP1Zvw9p+v1+HzB7QH7V5tplkUMdwffsF+FOm8zPBEhsiCHkMb6BM/DyoxTF8m3xaoiA==",
      "dev": true
    },
    "@types/node": {
      "version": "8.9.4",
      "resolved": "https://registry.npmjs.org/@types/node/-/node-8.9.4.tgz",
      "integrity": "sha512-dSvD36qnQs78G1BPsrZFdPpvLgMW/dnvr5+nTW2csMs5TiP9MOXrjUbnMZOEwnIuBklXtn7b6TPA2Cuq07bDHA=="
    },
    "eventemitter3": {
      "version": "2.0.3",
      "resolved": "https://registry.npmjs.org/eventemitter3/-/eventemitter3-2.0.3.tgz",
      "integrity": "sha1-teEHm1n7XhuidxwKmTvgYKWMmbo="
    },
    "mpc-js": {
      "version": "1.2.1",
      "resolved": "https://registry.npmjs.org/mpc-js/-/mpc-js-1.2.1.tgz",
      "integrity": "sha512-xquZptJXwTG63CnbHBRalQiHt8v+DUwzHpmQKjn199ZbgYTe+SZJ+K48xkCt1lUBIM/eQyqN555kiIg3ScC81Q==",
      "requires": {
        "@types/node": "8.9.4",
        "mpc-js-core": "1.2.1"
      }
    },
    "mpc-js-core": {
      "version": "1.2.1",
      "resolved": "https://registry.npmjs.org/mpc-js-core/-/mpc-js-core-1.2.1.tgz",
      "integrity": "sha512-BzQUT+s36y7PXkDi6AWMrY875aiSeXh7i+xFKPaDrhIjQfmviXu0KtDoGwUsDaRWy3afjFAe4GbZY0Xs/AxTyw==",
      "requires": {
        "eventemitter3": "2.0.3"
      }
    },
    "typescript": {
      "version": "2.7.2",
      "resolved": "https://registry.npmjs.org/typescript/-/typescript-2.7.2.tgz",
      "integrity": "sha512-p5TCYZDAO0m4G344hD+wx/LATebLWZNkkh2asWUFqSsD2OrDNhbAHuSjobrmsUmdzjJjEeZVU9g1h3O6vpstnw==",
      "dev": true
    }
  }
}
