{
  "name": "@homebot/platform-sysinfo",
  "version": "1.0.0",
  "lockfileVersion": 1,
  "requires": true,
  "dependencies": {
    "@homebot/core": {
      "version": "1.0.0",
      "resolved": "http://localhost:4873/@homebot%2fcore/-/core-1.0.0.tgz",
      "integrity": "sha512-OewNdPG1U9iZKZTN3FyP1Zvw9p+v1+HzB7QH7V5tplkUMdwffsF+FOm8zPBEhsiCHkMb6BM/DyoxTF8m3xaoiA==",
      "dev": true
    },
    "@types/systeminformation": {
      "version": "3.23.0",
      "resolved": "https://registry.npmjs.org/@types/systeminformation/-/systeminformation-3.23.0.tgz",
      "integrity": "sha512-5iKoGEa2xOu2jtkkequvPHa6N7IjUcmc5BDmFieqtR6g3E6xXXkjHCDjeYi3LHeVn9xCe/vhiFDSkaeb+ft85g==",
      "dev": true
    },
    "systeminformation": {
      "version": "3.37.4",
      "resolved": "https://registry.npmjs.org/systeminformation/-/systeminformation-3.37.4.tgz",
      "integrity": "sha512-BWmrVtrg0kVQxY6dVEkqL3btbQ5szcGPGF55mktF6CttTmQIGWAInWwnriyfe0xUEVcT+y1XYVl9RdbePTkqZg=="
    },
    "typescript": {
      "version": "2.7.2",
      "resolved": "https://registry.npmjs.org/typescript/-/typescript-2.7.2.tgz",
      "integrity": "sha512-p5TCYZDAO0m4G344hD+wx/LATebLWZNkkh2asWUFqSsD2OrDNhbAHuSjobrmsUmdzjJjEeZVU9g1h3O6vpstnw==",
      "dev": true
    }
  }
}
