{
  "name": "homebot-sysinfo",
  "version": "1.0.0",
  "lockfileVersion": 1,
  "requires": true,
  "dependencies": {
    "@types/systeminformation": {
      "version": "3.23.0",
      "resolved": "https://registry.npmjs.org/@types/systeminformation/-/systeminformation-3.23.0.tgz",
      "integrity": "sha512-5iKoGEa2xOu2jtkkequvPHa6N7IjUcmc5BDmFieqtR6g3E6xXXkjHCDjeYi3LHeVn9xCe/vhiFDSkaeb+ft85g==",
      "dev": true
    },
    "systeminformation": {
      "version": "3.37.4",
      "resolved": "https://registry.npmjs.org/systeminformation/-/systeminformation-3.37.4.tgz",
      "integrity": "sha512-BWmrVtrg0kVQxY6dVEkqL3btbQ5szcGPGF55mktF6CttTmQIGWAInWwnriyfe0xUEVcT+y1XYVl9RdbePTkqZg==",
      "dev": true
    },
    "typescript": {
      "version": "2.7.2",
      "resolved": "https://registry.npmjs.org/typescript/-/typescript-2.7.2.tgz",
      "integrity": "sha512-p5TCYZDAO0m4G344hD+wx/LATebLWZNkkh2asWUFqSsD2OrDNhbAHuSjobrmsUmdzjJjEeZVU9g1h3O6vpstnw==",
      "dev": true
    }
  }
}
