{
  "name": "@homebot/platform-host-discovery",
  "version": "1.0.0",
  "lockfileVersion": 1,
  "requires": true,
  "dependencies": {
    "@homebot/core": {
      "version": "1.0.0",
      "resolved": "http://localhost:4873/@homebot%2fcore/-/core-1.0.0.tgz",
      "integrity": "sha512-42XHqNU1bVAtWlxalWnf2A1dSPX490eQsUfe+rgyFBRatormWu0VLhaRMh+eCBmFRbf4iIF4PLVu+dvu5fkywQ==",
      "dev": true
    },
    "rxjs": {
      "version": "5.5.8",
      "resolved": "http://localhost:4873/rxjs/-/rxjs-5.5.8.tgz",
      "integrity": "sha512-Bz7qou7VAIoGiglJZbzbXa4vpX5BmTTN2Dj/se6+SwADtw4SihqBIiEa7VmTXJ8pynvq0iFr5Gx9VLyye1rIxQ==",
      "dev": true,
      "requires": {
        "symbol-observable": "1.0.1"
      }
    },
    "symbol-observable": {
      "version": "1.0.1",
      "resolved": "http://localhost:4873/symbol-observable/-/symbol-observable-1.0.1.tgz",
      "integrity": "sha1-g0D8RwLDEi310iKI+IKD9RPT/dQ=",
      "dev": true
    },
    "typescript": {
      "version": "2.8.1",
      "resolved": "http://localhost:4873/typescript/-/typescript-2.8.1.tgz",
      "integrity": "sha512-Ao/f6d/4EPLq0YwzsQz8iXflezpTkQzqAyenTiw4kCUGr1uPiFLC3+fZ+gMZz6eeI/qdRUqvC+HxIJzUAzEFdg==",
      "dev": true
    }
  }
}
