{
  "name": "@homebot/plugin-mpd",
  "version": "1.0.0",
  "lockfileVersion": 1,
  "requires": true,
  "dependencies": {
    "@types/node": {
      "version": "8.9.4",
      "resolved": "https://registry.npmjs.org/@types/node/-/node-8.9.4.tgz",
      "integrity": "sha512-dSvD36qnQs78G1BPsrZFdPpvLgMW/dnvr5+nTW2csMs5TiP9MOXrjUbnMZOEwnIuBklXtn7b6TPA2Cuq07bDHA==",
      "dev": true
    },
    "eventemitter3": {
      "version": "2.0.3",
      "resolved": "https://registry.npmjs.org/eventemitter3/-/eventemitter3-2.0.3.tgz",
      "integrity": "sha1-teEHm1n7XhuidxwKmTvgYKWMmbo=",
      "dev": true
    },
    "mpc-js": {
      "version": "1.2.1",
      "resolved": "https://registry.npmjs.org/mpc-js/-/mpc-js-1.2.1.tgz",
      "integrity": "sha512-xquZptJXwTG63CnbHBRalQiHt8v+DUwzHpmQKjn199ZbgYTe+SZJ+K48xkCt1lUBIM/eQyqN555kiIg3ScC81Q==",
      "dev": true,
      "requires": {
        "@types/node": "8.9.4",
        "mpc-js-core": "1.2.1"
      }
    },
    "mpc-js-core": {
      "version": "1.2.1",
      "resolved": "https://registry.npmjs.org/mpc-js-core/-/mpc-js-core-1.2.1.tgz",
      "integrity": "sha512-BzQUT+s36y7PXkDi6AWMrY875aiSeXh7i+xFKPaDrhIjQfmviXu0KtDoGwUsDaRWy3afjFAe4GbZY0Xs/AxTyw==",
      "dev": true,
      "requires": {
        "eventemitter3": "2.0.3"
      }
    },
    "rxjs": {
      "version": "5.5.6",
      "resolved": "https://registry.npmjs.org/rxjs/-/rxjs-5.5.6.tgz",
      "integrity": "sha512-v4Q5HDC0FHAQ7zcBX7T2IL6O5ltl1a2GX4ENjPXg6SjDY69Cmx9v4113C99a4wGF16ClPv5Z8mghuYorVkg/kg==",
      "dev": true,
      "requires": {
        "symbol-observable": "1.0.1"
      }
    },
    "symbol-observable": {
      "version": "1.0.1",
      "resolved": "https://registry.npmjs.org/symbol-observable/-/symbol-observable-1.0.1.tgz",
      "integrity": "sha1-g0D8RwLDEi310iKI+IKD9RPT/dQ=",
      "dev": true
    },
    "typescript": {
      "version": "2.7.2",
      "resolved": "https://registry.npmjs.org/typescript/-/typescript-2.7.2.tgz",
      "integrity": "sha512-p5TCYZDAO0m4G344hD+wx/LATebLWZNkkh2asWUFqSsD2OrDNhbAHuSjobrmsUmdzjJjEeZVU9g1h3O6vpstnw==",
      "dev": true
    }
  }
}
